
Microsoft Visual Studio Solution File, Format Version 12.00
# Visual Studio Version 17
VisualStudioVersion = 17.3.32929.385
MinimumVisualStudioVersion = 10.0.40219.1
Project("{9A19103F-16F7-4668-BE54-9A1E7A4F7556}") = "BWay.Service", "src\BWay.Service\BWay.Service.csproj", "{B0977A20-A257-4D2C-B10B-E01CB4710F93}"
EndProject
Project("{2150E333-8FDC-42A3-9474-1A3956D46DE8}") = "1-Api", "1-Api", "{AE830D71-442A-48FD-B1FF-18AA268E8BB7}"
EndProject
Project("{2150E333-8FDC-42A3-9474-1A3956D46DE8}") = "2-Service", "2-Service", "{39B5A8FE-48EC-4577-A9B9-17D78C4300DA}"
EndProject
Project("{2150E333-8FDC-42A3-9474-1A3956D46DE8}") = "3-Repository", "3-Repository", "{6A7D9F2C-218E-4F33-A28B-084A64026DD0}"
EndProject
Project("{2150E333-8FDC-42A3-9474-1A3956D46DE8}") = "4-Infra", "4-Infra", "{478AC4FB-8A8B-4A00-8B8F-E6F970470841}"
EndProject
Project("{9A19103F-16F7-4668-BE54-9A1E7A4F7556}") = "BWay.Repository", "src\BWay.Repository\BWay.Repository.csproj", "{B609BE9B-1FDE-48AC-B332-D8DB3346B048}"
EndProject
Project("{9A19103F-16F7-4668-BE54-9A1E7A4F7556}") = "BWay.Infra", "src\BWay.Infra\BWay.Infra.csproj", "{63F25230-9D4F-41F7-9D76-1A902DFF50A7}"
EndProject
Project("{9A19103F-16F7-4668-BE54-9A1E7A4F7556}") = "BWay.Api", "src\BWay.Api\BWay.Api\BWay.Api.csproj", "{022B5D61-FF25-4E8B-A4A6-BCFB4CAC1D71}"
EndProject
Project("{2150E333-8FDC-42A3-9474-1A3956D46DE8}") = "ScriptsBD", "ScriptsBD", "{7ED822E6-52D6-44A3-A66B-680213D0F226}"
EndProject
Project("{2150E333-8FDC-42A3-9474-1A3956D46DE8}") = "CreateTables", "CreateTables", "{51E9C5B5-9F50-4ECD-8085-4E98C5E3FDDD}"
	ProjectSection(SolutionItems) = preProject
		Create.sql = Create.sql
	EndProjectSection
EndProject
Project("{2150E333-8FDC-42A3-9474-1A3956D46DE8}") = "InsertsDominio", "InsertsDominio", "{1C6354B9-1CE0-4A3B-A3FA-BDE395F06AA2}"
	ProjectSection(SolutionItems) = preProject
		PerfilUsuario.sql = PerfilUsuario.sql
		StatusCorretorRoleta.sql = StatusCorretorRoleta.sql
		StatusUsuario.sql = StatusUsuario.sql
	EndProjectSection
EndProject
Global
	GlobalSection(SolutionConfigurationPlatforms) = preSolution
		Debug|Any CPU = Debug|Any CPU
		Release|Any CPU = Release|Any CPU
	EndGlobalSection
	GlobalSection(ProjectConfigurationPlatforms) = postSolution
		{B0977A20-A257-4D2C-B10B-E01CB4710F93}.Debug|Any CPU.ActiveCfg = Debug|Any CPU
		{B0977A20-A257-4D2C-B10B-E01CB4710F93}.Debug|Any CPU.Build.0 = Debug|Any CPU
		{B0977A20-A257-4D2C-B10B-E01CB4710F93}.Release|Any CPU.ActiveCfg = Release|Any CPU
		{B0977A20-A257-4D2C-B10B-E01CB4710F93}.Release|Any CPU.Build.0 = Release|Any CPU
		{B609BE9B-1FDE-48AC-B332-D8DB3346B048}.Debug|Any CPU.ActiveCfg = Debug|Any CPU
		{B609BE9B-1FDE-48AC-B332-D8DB3346B048}.Debug|Any CPU.Build.0 = Debug|Any CPU
		{B609BE9B-1FDE-48AC-B332-D8DB3346B048}.Release|Any CPU.ActiveCfg = Release|Any CPU
		{B609BE9B-1FDE-48AC-B332-D8DB3346B048}.Release|Any CPU.Build.0 = Release|Any CPU
		{63F25230-9D4F-41F7-9D76-1A902DFF50A7}.Debug|Any CPU.ActiveCfg = Debug|Any CPU
		{63F25230-9D4F-41F7-9D76-1A902DFF50A7}.Debug|Any CPU.Build.0 = Debug|Any CPU
		{63F25230-9D4F-41F7-9D76-1A902DFF50A7}.Release|Any CPU.ActiveCfg = Release|Any CPU
		{63F25230-9D4F-41F7-9D76-1A902DFF50A7}.Release|Any CPU.Build.0 = Release|Any CPU
		{022B5D61-FF25-4E8B-A4A6-BCFB4CAC1D71}.Debug|Any CPU.ActiveCfg = Debug|Any CPU
		{022B5D61-FF25-4E8B-A4A6-BCFB4CAC1D71}.Debug|Any CPU.Build.0 = Debug|Any CPU
		{022B5D61-FF25-4E8B-A4A6-BCFB4CAC1D71}.Release|Any CPU.ActiveCfg = Release|Any CPU
		{022B5D61-FF25-4E8B-A4A6-BCFB4CAC1D71}.Release|Any CPU.Build.0 = Release|Any CPU
	EndGlobalSection
	GlobalSection(SolutionProperties) = preSolution
		HideSolutionNode = FALSE
	EndGlobalSection
	GlobalSection(NestedProjects) = preSolution
		{B0977A20-A257-4D2C-B10B-E01CB4710F93} = {39B5A8FE-48EC-4577-A9B9-17D78C4300DA}
		{B609BE9B-1FDE-48AC-B332-D8DB3346B048} = {6A7D9F2C-218E-4F33-A28B-084A64026DD0}
		{63F25230-9D4F-41F7-9D76-1A902DFF50A7} = {478AC4FB-8A8B-4A00-8B8F-E6F970470841}
		{022B5D61-FF25-4E8B-A4A6-BCFB4CAC1D71} = {AE830D71-442A-48FD-B1FF-18AA268E8BB7}
		{51E9C5B5-9F50-4ECD-8085-4E98C5E3FDDD} = {7ED822E6-52D6-44A3-A66B-680213D0F226}
		{1C6354B9-1CE0-4A3B-A3FA-BDE395F06AA2} = {7ED822E6-52D6-44A3-A66B-680213D0F226}
	EndGlobalSection
	GlobalSection(ExtensibilityGlobals) = postSolution
		SolutionGuid = {A9150745-FD2A-4D2B-8327-129421C6CB21}
	EndGlobalSection
EndGlobal
